
Microsoft Visual Studio Solution File, Format Version 12.00
# Visual Studio Version 17
VisualStudioVersion = 17.0.31903.59
MinimumVisualStudioVersion = 10.0.40219.1
Project("{FAE04EC0-301F-11D3-BF4B-00C04F79EFBC}") = "Url.Builder", "Url.Builder\Url.Builder.csproj", "{23FF96ED-6BF8-48DE-AE9C-D6AC93C6971D}"
EndProject
Project("{FAE04EC0-301F-11D3-BF4B-00C04F79EFBC}") = "Url.Builder.Test", "Url.Builder.Test\Url.Builder.Test.csproj", "{5906C8D7-542D-40D3-B48A-BB28EEB6279B}"
EndProject
Global
	GlobalSection(SolutionConfigurationPlatforms) = preSolution
		Debug|Any CPU = Debug|Any CPU
		Release|Any CPU = Release|Any CPU
	EndGlobalSection
	GlobalSection(SolutionProperties) = preSolution
		HideSolutionNode = FALSE
	EndGlobalSection
	GlobalSection(ProjectConfigurationPlatforms) = postSolution
		{23FF96ED-6BF8-48DE-AE9C-D6AC93C6971D}.Debug|Any CPU.ActiveCfg = Debug|Any CPU
		{23FF96ED-6BF8-48DE-AE9C-D6AC93C6971D}.Debug|Any CPU.Build.0 = Debug|Any CPU
		{23FF96ED-6BF8-48DE-AE9C-D6AC93C6971D}.Release|Any CPU.ActiveCfg = Release|Any CPU
		{23FF96ED-6BF8-48DE-AE9C-D6AC93C6971D}.Release|Any CPU.Build.0 = Release|Any CPU
		{5906C8D7-542D-40D3-B48A-BB28EEB6279B}.Debug|Any CPU.ActiveCfg = Debug|Any CPU
		{5906C8D7-542D-40D3-B48A-BB28EEB6279B}.Debug|Any CPU.Build.0 = Debug|Any CPU
		{5906C8D7-542D-40D3-B48A-BB28EEB6279B}.Release|Any CPU.ActiveCfg = Release|Any CPU
		{5906C8D7-542D-40D3-B48A-BB28EEB6279B}.Release|Any CPU.Build.0 = Release|Any CPU
	EndGlobalSection
EndGlobal
